
Microsoft Visual Studio Solution File, Format Version 12.00
Project("{FAE04EC0-301F-11D3-BF4B-00C04F79EFBC}") = "EFGames", "EFGames.csproj", "{771109D2-AC7E-40C8-8F16-649832A10284}"
EndProject
Project("{2150E333-8FDC-42A3-9474-1A3956D46DE8}") = "EF", "EF", "{B3F806C1-001E-4028-833E-1DF6226C7D5A}"
EndProject
Project("{FAE04EC0-301F-11D3-BF4B-00C04F79EFBC}") = "EFCore", "..\efcore\src\EFCore\EFCore.csproj", "{7C8FBBAF-568B-4E48-91DC-00D30ABF4195}"
EndProject
Project("{FAE04EC0-301F-11D3-BF4B-00C04F79EFBC}") = "EFCore.Relational", "..\efcore\src\EFCore.Relational\EFCore.Relational.csproj", "{607C2AE6-FE73-4A6B-8BF1-FE2B15F0B41B}"
EndProject
Project("{FAE04EC0-301F-11D3-BF4B-00C04F79EFBC}") = "EFCore.SqlServer", "..\efcore\src\EFCore.SqlServer\EFCore.SqlServer.csproj", "{10CA91B7-4833-4020-9F4F-F5A1D8A4D45B}"
EndProject
Project("{FAE04EC0-301F-11D3-BF4B-00C04F79EFBC}") = "EFCore.Sqlite", "..\efcore\src\EFCore.Sqlite\EFCore.Sqlite.csproj", "{E6059B29-F94E-4468-9624-1DBE22144589}"
EndProject
Project("{FAE04EC0-301F-11D3-BF4B-00C04F79EFBC}") = "EFCore.Design", "..\efcore\src\EFCore.Design\EFCore.Design.csproj", "{68E345F2-102D-4045-A741-499C99D16371}"
EndProject
Project("{FAE04EC0-301F-11D3-BF4B-00C04F79EFBC}") = "EFCore.PG", "..\efcore.pg\src\EFCore.PG\EFCore.PG.csproj", "{1F8044E9-75D5-4876-8200-84F19B719206}"
EndProject
Global
	GlobalSection(SolutionConfigurationPlatforms) = preSolution
		Debug|Any CPU = Debug|Any CPU
		Release|Any CPU = Release|Any CPU
	EndGlobalSection
	GlobalSection(ProjectConfigurationPlatforms) = postSolution
		{771109D2-AC7E-40C8-8F16-649832A10284}.Debug|Any CPU.ActiveCfg = Debug|Any CPU
		{771109D2-AC7E-40C8-8F16-649832A10284}.Debug|Any CPU.Build.0 = Debug|Any CPU
		{771109D2-AC7E-40C8-8F16-649832A10284}.Release|Any CPU.ActiveCfg = Release|Any CPU
		{771109D2-AC7E-40C8-8F16-649832A10284}.Release|Any CPU.Build.0 = Release|Any CPU
		{7C8FBBAF-568B-4E48-91DC-00D30ABF4195}.Debug|Any CPU.ActiveCfg = Debug|Any CPU
		{7C8FBBAF-568B-4E48-91DC-00D30ABF4195}.Debug|Any CPU.Build.0 = Debug|Any CPU
		{7C8FBBAF-568B-4E48-91DC-00D30ABF4195}.Release|Any CPU.ActiveCfg = Release|Any CPU
		{7C8FBBAF-568B-4E48-91DC-00D30ABF4195}.Release|Any CPU.Build.0 = Release|Any CPU
		{607C2AE6-FE73-4A6B-8BF1-FE2B15F0B41B}.Debug|Any CPU.ActiveCfg = Debug|Any CPU
		{607C2AE6-FE73-4A6B-8BF1-FE2B15F0B41B}.Debug|Any CPU.Build.0 = Debug|Any CPU
		{607C2AE6-FE73-4A6B-8BF1-FE2B15F0B41B}.Release|Any CPU.ActiveCfg = Release|Any CPU
		{607C2AE6-FE73-4A6B-8BF1-FE2B15F0B41B}.Release|Any CPU.Build.0 = Release|Any CPU
		{10CA91B7-4833-4020-9F4F-F5A1D8A4D45B}.Debug|Any CPU.ActiveCfg = Debug|Any CPU
		{10CA91B7-4833-4020-9F4F-F5A1D8A4D45B}.Debug|Any CPU.Build.0 = Debug|Any CPU
		{10CA91B7-4833-4020-9F4F-F5A1D8A4D45B}.Release|Any CPU.ActiveCfg = Release|Any CPU
		{10CA91B7-4833-4020-9F4F-F5A1D8A4D45B}.Release|Any CPU.Build.0 = Release|Any CPU
		{68E345F2-102D-4045-A741-499C99D16371}.Debug|Any CPU.ActiveCfg = Debug|Any CPU
		{68E345F2-102D-4045-A741-499C99D16371}.Debug|Any CPU.Build.0 = Debug|Any CPU
		{68E345F2-102D-4045-A741-499C99D16371}.Release|Any CPU.ActiveCfg = Release|Any CPU
		{68E345F2-102D-4045-A741-499C99D16371}.Release|Any CPU.Build.0 = Release|Any CPU
		{1F8044E9-75D5-4876-8200-84F19B719206}.Debug|Any CPU.ActiveCfg = Debug|Any CPU
		{1F8044E9-75D5-4876-8200-84F19B719206}.Debug|Any CPU.Build.0 = Debug|Any CPU
		{1F8044E9-75D5-4876-8200-84F19B719206}.Release|Any CPU.ActiveCfg = Release|Any CPU
		{1F8044E9-75D5-4876-8200-84F19B719206}.Release|Any CPU.Build.0 = Release|Any CPU
	EndGlobalSection
	GlobalSection(NestedProjects) = preSolution
		{7C8FBBAF-568B-4E48-91DC-00D30ABF4195} = {B3F806C1-001E-4028-833E-1DF6226C7D5A}
		{607C2AE6-FE73-4A6B-8BF1-FE2B15F0B41B} = {B3F806C1-001E-4028-833E-1DF6226C7D5A}
		{10CA91B7-4833-4020-9F4F-F5A1D8A4D45B} = {B3F806C1-001E-4028-833E-1DF6226C7D5A}
		{E6059B29-F94E-4468-9624-1DBE22144589} = {B3F806C1-001E-4028-833E-1DF6226C7D5A}
		{68E345F2-102D-4045-A741-499C99D16371} = {B3F806C1-001E-4028-833E-1DF6226C7D5A}
		{1F8044E9-75D5-4876-8200-84F19B719206} = {B3F806C1-001E-4028-833E-1DF6226C7D5A}
	EndGlobalSection
EndGlobal
